
Microsoft Visual Studio Solution File, Format Version 12.00
# Visual Studio Version 16
VisualStudioVersion = 16.0.31911.196
MinimumVisualStudioVersion = 10.0.40219.1
Project("{2150E333-8FDC-42A3-9474-1A3956D46DE8}") = "Test", "Test", "{3D54E4AF-5465-4442-9DA6-711B2D227EC3}"
EndProject
Project("{9A19103F-16F7-4668-BE54-9A1E7A4F7556}") = "TFuseMem", "TFuseMem\TFuseMem.csproj", "{A2D5422B-2F2E-4EC1-861A-03FC263C79A0}"
	ProjectSection(ProjectDependencies) = postProject
		{BB96D78B-C398-4856-A6A4-0757CB0CCD5D} = {BB96D78B-C398-4856-A6A4-0757CB0CCD5D}
	EndProjectSection
EndProject
Project("{8BC9CEB8-8B4A-11D0-8D11-00A0C91BC942}") = "TFuse", "TFuse\TFuse.vcxproj", "{BB96D78B-C398-4856-A6A4-0757CB0CCD5D}"
EndProject
Global
	GlobalSection(SolutionConfigurationPlatforms) = preSolution
		Debug|Any CPU = Debug|Any CPU
		Debug|x64 = Debug|x64
		Debug|x86 = Debug|x86
		Release|Any CPU = Release|Any CPU
		Release|x64 = Release|x64
		Release|x86 = Release|x86
	EndGlobalSection
	GlobalSection(ProjectConfigurationPlatforms) = postSolution
		{A2D5422B-2F2E-4EC1-861A-03FC263C79A0}.Debug|Any CPU.ActiveCfg = Debug|Any CPU
		{A2D5422B-2F2E-4EC1-861A-03FC263C79A0}.Debug|Any CPU.Build.0 = Debug|Any CPU
		{A2D5422B-2F2E-4EC1-861A-03FC263C79A0}.Debug|x64.ActiveCfg = Debug|Any CPU
		{A2D5422B-2F2E-4EC1-861A-03FC263C79A0}.Debug|x64.Build.0 = Debug|Any CPU
		{A2D5422B-2F2E-4EC1-861A-03FC263C79A0}.Debug|x86.ActiveCfg = Debug|Any CPU
		{A2D5422B-2F2E-4EC1-861A-03FC263C79A0}.Debug|x86.Build.0 = Debug|Any CPU
		{A2D5422B-2F2E-4EC1-861A-03FC263C79A0}.Release|Any CPU.ActiveCfg = Release|Any CPU
		{A2D5422B-2F2E-4EC1-861A-03FC263C79A0}.Release|Any CPU.Build.0 = Release|Any CPU
		{A2D5422B-2F2E-4EC1-861A-03FC263C79A0}.Release|x64.ActiveCfg = Release|Any CPU
		{A2D5422B-2F2E-4EC1-861A-03FC263C79A0}.Release|x64.Build.0 = Release|Any CPU
		{A2D5422B-2F2E-4EC1-861A-03FC263C79A0}.Release|x86.ActiveCfg = Release|Any CPU
		{A2D5422B-2F2E-4EC1-861A-03FC263C79A0}.Release|x86.Build.0 = Release|Any CPU
		{BB96D78B-C398-4856-A6A4-0757CB0CCD5D}.Debug|Any CPU.ActiveCfg = Debug|Win32
		{BB96D78B-C398-4856-A6A4-0757CB0CCD5D}.Debug|x64.ActiveCfg = Debug|x64
		{BB96D78B-C398-4856-A6A4-0757CB0CCD5D}.Debug|x64.Build.0 = Debug|x64
		{BB96D78B-C398-4856-A6A4-0757CB0CCD5D}.Debug|x86.ActiveCfg = Debug|Win32
		{BB96D78B-C398-4856-A6A4-0757CB0CCD5D}.Debug|x86.Build.0 = Debug|Win32
		{BB96D78B-C398-4856-A6A4-0757CB0CCD5D}.Release|Any CPU.ActiveCfg = Release|Win32
		{BB96D78B-C398-4856-A6A4-0757CB0CCD5D}.Release|x64.ActiveCfg = Release|x64
		{BB96D78B-C398-4856-A6A4-0757CB0CCD5D}.Release|x64.Build.0 = Release|x64
		{BB96D78B-C398-4856-A6A4-0757CB0CCD5D}.Release|x86.ActiveCfg = Release|Win32
		{BB96D78B-C398-4856-A6A4-0757CB0CCD5D}.Release|x86.Build.0 = Release|Win32
	EndGlobalSection
	GlobalSection(SolutionProperties) = preSolution
		HideSolutionNode = FALSE
	EndGlobalSection
	GlobalSection(NestedProjects) = preSolution
		{A2D5422B-2F2E-4EC1-861A-03FC263C79A0} = {3D54E4AF-5465-4442-9DA6-711B2D227EC3}
	EndGlobalSection
	GlobalSection(ExtensibilityGlobals) = postSolution
		SolutionGuid = {B4474C4F-343A-434B-998F-B25774482041}
	EndGlobalSection
EndGlobal
